
Microsoft Visual Studio Solution File, Format Version 12.00
# Visual Studio Version 17
VisualStudioVersion = 17.0.31903.59
MinimumVisualStudioVersion = 10.0.40219.1
Project("{2150E333-8FDC-42A3-9474-1A3956D46DE8}") = "src", "src", "{827E0CD3-B72D-47B6-A68D-7590B98EB39B}"
EndProject
Project("{FAE04EC0-301F-11D3-BF4B-00C04F79EFBC}") = "BulentOtoElektrik.Core", "src\BulentOtoElektrik.Core\BulentOtoElektrik.Core.csproj", "{72C02B5A-7D82-490C-86F9-7BC851DA5FF8}"
EndProject
Project("{FAE04EC0-301F-11D3-BF4B-00C04F79EFBC}") = "BulentOtoElektrik.Infrastructure", "src\BulentOtoElektrik.Infrastructure\BulentOtoElektrik.Infrastructure.csproj", "{9651B6F1-C99C-4841-AFD2-E9EBEB17A620}"
EndProject
Project("{FAE04EC0-301F-11D3-BF4B-00C04F79EFBC}") = "BulentOtoElektrik.UI", "src\BulentOtoElektrik.UI\BulentOtoElektrik.UI.csproj", "{5F5388D8-174C-4094-95F6-C554AC09F50E}"
EndProject
Project("{FAE04EC0-301F-11D3-BF4B-00C04F79EFBC}") = "BulentOtoElektrik.App", "src\BulentOtoElektrik.App\BulentOtoElektrik.App.csproj", "{C1D8CA34-D9A8-45F3-80E7-194CA3F87CF9}"
EndProject
Project("{2150E333-8FDC-42A3-9474-1A3956D46DE8}") = "tests", "tests", "{0AB3BF05-4346-4AA6-1389-037BE0695223}"
EndProject
Project("{FAE04EC0-301F-11D3-BF4B-00C04F79EFBC}") = "BulentOtoElektrik.Tests", "tests\BulentOtoElektrik.Tests\BulentOtoElektrik.Tests.csproj", "{5C84FDDC-714A-4B85-8C54-545BDEAF1854}"
EndProject
Global
	GlobalSection(SolutionConfigurationPlatforms) = preSolution
		Debug|Any CPU = Debug|Any CPU
		Debug|x64 = Debug|x64
		Debug|x86 = Debug|x86
		Release|Any CPU = Release|Any CPU
		Release|x64 = Release|x64
		Release|x86 = Release|x86
	EndGlobalSection
	GlobalSection(ProjectConfigurationPlatforms) = postSolution
		{72C02B5A-7D82-490C-86F9-7BC851DA5FF8}.Debug|Any CPU.ActiveCfg = Debug|Any CPU
		{72C02B5A-7D82-490C-86F9-7BC851DA5FF8}.Debug|Any CPU.Build.0 = Debug|Any CPU
		{72C02B5A-7D82-490C-86F9-7BC851DA5FF8}.Debug|x64.ActiveCfg = Debug|Any CPU
		{72C02B5A-7D82-490C-86F9-7BC851DA5FF8}.Debug|x64.Build.0 = Debug|Any CPU
		{72C02B5A-7D82-490C-86F9-7BC851DA5FF8}.Debug|x86.ActiveCfg = Debug|Any CPU
		{72C02B5A-7D82-490C-86F9-7BC851DA5FF8}.Debug|x86.Build.0 = Debug|Any CPU
		{72C02B5A-7D82-490C-86F9-7BC851DA5FF8}.Release|Any CPU.ActiveCfg = Release|Any CPU
		{72C02B5A-7D82-490C-86F9-7BC851DA5FF8}.Release|Any CPU.Build.0 = Release|Any CPU
		{72C02B5A-7D82-490C-86F9-7BC851DA5FF8}.Release|x64.ActiveCfg = Release|Any CPU
		{72C02B5A-7D82-490C-86F9-7BC851DA5FF8}.Release|x64.Build.0 = Release|Any CPU
		{72C02B5A-7D82-490C-86F9-7BC851DA5FF8}.Release|x86.ActiveCfg = Release|Any CPU
		{72C02B5A-7D82-490C-86F9-7BC851DA5FF8}.Release|x86.Build.0 = Release|Any CPU
		{9651B6F1-C99C-4841-AFD2-E9EBEB17A620}.Debug|Any CPU.ActiveCfg = Debug|Any CPU
		{9651B6F1-C99C-4841-AFD2-E9EBEB17A620}.Debug|Any CPU.Build.0 = Debug|Any CPU
		{9651B6F1-C99C-4841-AFD2-E9EBEB17A620}.Debug|x64.ActiveCfg = Debug|Any CPU
		{9651B6F1-C99C-4841-AFD2-E9EBEB17A620}.Debug|x64.Build.0 = Debug|Any CPU
		{9651B6F1-C99C-4841-AFD2-E9EBEB17A620}.Debug|x86.ActiveCfg = Debug|Any CPU
		{9651B6F1-C99C-4841-AFD2-E9EBEB17A620}.Debug|x86.Build.0 = Debug|Any CPU
		{9651B6F1-C99C-4841-AFD2-E9EBEB17A620}.Release|Any CPU.ActiveCfg = Release|Any CPU
		{9651B6F1-C99C-4841-AFD2-E9EBEB17A620}.Release|Any CPU.Build.0 = Release|Any CPU
		{9651B6F1-C99C-4841-AFD2-E9EBEB17A620}.Release|x64.ActiveCfg = Release|Any CPU
		{9651B6F1-C99C-4841-AFD2-E9EBEB17A620}.Release|x64.Build.0 = Release|Any CPU
		{9651B6F1-C99C-4841-AFD2-E9EBEB17A620}.Release|x86.ActiveCfg = Release|Any CPU
		{9651B6F1-C99C-4841-AFD2-E9EBEB17A620}.Release|x86.Build.0 = Release|Any CPU
		{5F5388D8-174C-4094-95F6-C554AC09F50E}.Debug|Any CPU.ActiveCfg = Debug|Any CPU
		{5F5388D8-174C-4094-95F6-C554AC09F50E}.Debug|Any CPU.Build.0 = Debug|Any CPU
		{5F5388D8-174C-4094-95F6-C554AC09F50E}.Debug|x64.ActiveCfg = Debug|Any CPU
		{5F5388D8-174C-4094-95F6-C554AC09F50E}.Debug|x64.Build.0 = Debug|Any CPU
		{5F5388D8-174C-4094-95F6-C554AC09F50E}.Debug|x86.ActiveCfg = Debug|Any CPU
		{5F5388D8-174C-4094-95F6-C554AC09F50E}.Debug|x86.Build.0 = Debug|Any CPU
		{5F5388D8-174C-4094-95F6-C554AC09F50E}.Release|Any CPU.ActiveCfg = Release|Any CPU
		{5F5388D8-174C-4094-95F6-C554AC09F50E}.Release|Any CPU.Build.0 = Release|Any CPU
		{5F5388D8-174C-4094-95F6-C554AC09F50E}.Release|x64.ActiveCfg = Release|Any CPU
		{5F5388D8-174C-4094-95F6-C554AC09F50E}.Release|x64.Build.0 = Release|Any CPU
		{5F5388D8-174C-4094-95F6-C554AC09F50E}.Release|x86.ActiveCfg = Release|Any CPU
		{5F5388D8-174C-4094-95F6-C554AC09F50E}.Release|x86.Build.0 = Release|Any CPU
		{C1D8CA34-D9A8-45F3-80E7-194CA3F87CF9}.Debug|Any CPU.ActiveCfg = Debug|Any CPU
		{C1D8CA34-D9A8-45F3-80E7-194CA3F87CF9}.Debug|Any CPU.Build.0 = Debug|Any CPU
		{C1D8CA34-D9A8-45F3-80E7-194CA3F87CF9}.Debug|x64.ActiveCfg = Debug|Any CPU
		{C1D8CA34-D9A8-45F3-80E7-194CA3F87CF9}.Debug|x64.Build.0 = Debug|Any CPU
		{C1D8CA34-D9A8-45F3-80E7-194CA3F87CF9}.Debug|x86.ActiveCfg = Debug|Any CPU
		{C1D8CA34-D9A8-45F3-80E7-194CA3F87CF9}.Debug|x86.Build.0 = Debug|Any CPU
		{C1D8CA34-D9A8-45F3-80E7-194CA3F87CF9}.Release|Any CPU.ActiveCfg = Release|Any CPU
		{C1D8CA34-D9A8-45F3-80E7-194CA3F87CF9}.Release|Any CPU.Build.0 = Release|Any CPU
		{C1D8CA34-D9A8-45F3-80E7-194CA3F87CF9}.Release|x64.ActiveCfg = Release|Any CPU
		{C1D8CA34-D9A8-45F3-80E7-194CA3F87CF9}.Release|x64.Build.0 = Release|Any CPU
		{C1D8CA34-D9A8-45F3-80E7-194CA3F87CF9}.Release|x86.ActiveCfg = Release|Any CPU
		{C1D8CA34-D9A8-45F3-80E7-194CA3F87CF9}.Release|x86.Build.0 = Release|Any CPU
		{5C84FDDC-714A-4B85-8C54-545BDEAF1854}.Debug|Any CPU.ActiveCfg = Debug|Any CPU
		{5C84FDDC-714A-4B85-8C54-545BDEAF1854}.Debug|Any CPU.Build.0 = Debug|Any CPU
		{5C84FDDC-714A-4B85-8C54-545BDEAF1854}.Debug|x64.ActiveCfg = Debug|Any CPU
		{5C84FDDC-714A-4B85-8C54-545BDEAF1854}.Debug|x64.Build.0 = Debug|Any CPU
		{5C84FDDC-714A-4B85-8C54-545BDEAF1854}.Debug|x86.ActiveCfg = Debug|Any CPU
		{5C84FDDC-714A-4B85-8C54-545BDEAF1854}.Debug|x86.Build.0 = Debug|Any CPU
		{5C84FDDC-714A-4B85-8C54-545BDEAF1854}.Release|Any CPU.ActiveCfg = Release|Any CPU
		{5C84FDDC-714A-4B85-8C54-545BDEAF1854}.Release|Any CPU.Build.0 = Release|Any CPU
		{5C84FDDC-714A-4B85-8C54-545BDEAF1854}.Release|x64.ActiveCfg = Release|Any CPU
		{5C84FDDC-714A-4B85-8C54-545BDEAF1854}.Release|x64.Build.0 = Release|Any CPU
		{5C84FDDC-714A-4B85-8C54-545BDEAF1854}.Release|x86.ActiveCfg = Release|Any CPU
		{5C84FDDC-714A-4B85-8C54-545BDEAF1854}.Release|x86.Build.0 = Release|Any CPU
	EndGlobalSection
	GlobalSection(SolutionProperties) = preSolution
		HideSolutionNode = FALSE
	EndGlobalSection
	GlobalSection(NestedProjects) = preSolution
		{72C02B5A-7D82-490C-86F9-7BC851DA5FF8} = {827E0CD3-B72D-47B6-A68D-7590B98EB39B}
		{9651B6F1-C99C-4841-AFD2-E9EBEB17A620} = {827E0CD3-B72D-47B6-A68D-7590B98EB39B}
		{5F5388D8-174C-4094-95F6-C554AC09F50E} = {827E0CD3-B72D-47B6-A68D-7590B98EB39B}
		{C1D8CA34-D9A8-45F3-80E7-194CA3F87CF9} = {827E0CD3-B72D-47B6-A68D-7590B98EB39B}
		{5C84FDDC-714A-4B85-8C54-545BDEAF1854} = {0AB3BF05-4346-4AA6-1389-037BE0695223}
	EndGlobalSection
EndGlobal
